// !$*UTF8*$!
{
	archiveVersion = 1;
	classes = {
	};
	objectVersion = 46;
	objects = {

/* Begin PBXBuildFile section */
		2B1F77D219C0AF760077A65D /* AppDelegate.swift in Sources */ = {isa = PBXBuildFile; fileRef = 2B1F77D119C0AF760077A65D /* AppDelegate.swift */; };
		2B1F77D519C0AF760077A65D /* DBFM_Version_02.xcdatamodeld in Sources */ = {isa = PBXBuildFile; fileRef = 2B1F77D319C0AF760077A65D /* DBFM_Version_02.xcdatamodeld */; };
		2B1F77D719C0AF760077A65D /* ViewController.swift in Sources */ = {isa = PBXBuildFile; fileRef = 2B1F77D619C0AF760077A65D /* ViewController.swift */; };
		2B1F77DC19C0AF760077A65D /* Images.xcassets in Resources */ = {isa = PBXBuildFile; fileRef = 2B1F77DB19C0AF760077A65D /* Images.xcassets */; };
		2B1F77E819C0AF760077A65D /* DBFM_Version_02Tests.swift in Sources */ = {isa = PBXBuildFile; fileRef = 2B1F77E719C0AF760077A65D /* DBFM_Version_02Tests.swift */; };
		2B1F77F219C0AFDF0077A65D /* MainViewController.xib in Resources */ = {isa = PBXBuildFile; fileRef = 2B1F77F119C0AFDF0077A65D /* MainViewController.xib */; };
		2B1F77F919C0B0A60077A65D /* btnChannel.png in Resources */ = {isa = PBXBuildFile; fileRef = 2B1F77F419C0B0A60077A65D /* btnChannel.png */; };
		2B1F77FA19C0B0A60077A65D /* btnPlay.png in Resources */ = {isa = PBXBuildFile; fileRef = 2B1F77F519C0B0A60077A65D /* btnPlay.png */; };
		2B1F77FB19C0B0A60077A65D /* detail.jpg in Resources */ = {isa = PBXBuildFile; fileRef = 2B1F77F619C0B0A60077A65D /* detail.jpg */; };
		2B1F77FC19C0B0A60077A65D /* hunberger.png in Resources */ = {isa = PBXBuildFile; fileRef = 2B1F77F719C0B0A60077A65D /* hunberger.png */; };
		2B1F77FD19C0B0A60077A65D /* logo.jpg in Resources */ = {isa = PBXBuildFile; fileRef = 2B1F77F819C0B0A60077A65D /* logo.jpg */; };
		2B1F780019C0B1560077A65D /* ChannelController.xib in Resources */ = {isa = PBXBuildFile; fileRef = 2B1F77FF19C0B1560077A65D /* ChannelController.xib */; };
		2B1F780219C0B1B50077A65D /* LeftViewController.xib in Resources */ = {isa = PBXBuildFile; fileRef = 2B1F780119C0B1B50077A65D /* LeftViewController.xib */; };
		2B1F780419C0BAD10077A65D /* ChannelController.swift in Sources */ = {isa = PBXBuildFile; fileRef = 2B1F780319C0BAD10077A65D /* ChannelController.swift */; };
		2B1F780619C0BB240077A65D /* LeftViewController.swift in Sources */ = {isa = PBXBuildFile; fileRef = 2B1F780519C0BB240077A65D /* LeftViewController.swift */; };
		2B1F780819C0BB5E0077A65D /* HttpController.swift in Sources */ = {isa = PBXBuildFile; fileRef = 2B1F780719C0BB5E0077A65D /* HttpController.swift */; };
		2B1F780C19C0C61A0077A65D /* StartView.xib in Resources */ = {isa = PBXBuildFile; fileRef = 2B1F780B19C0C61A0077A65D /* StartView.xib */; };
		2BF418B819C43A0600ED1AD6 /* TableViewCell.xib in Resources */ = {isa = PBXBuildFile; fileRef = 2BF418B719C43A0600ED1AD6 /* TableViewCell.xib */; };
		2BF418BC19C586D900ED1AD6 /* ViewCell.swift in Sources */ = {isa = PBXBuildFile; fileRef = 2BF418BB19C586D900ED1AD6 /* ViewCell.swift */; };
		2BF5670D19C5E2F6008C9ABE /* StartView.swift in Sources */ = {isa = PBXBuildFile; fileRef = 2BF5670C19C5E2F6008C9ABE /* StartView.swift */; };
		2BF5670F19C86DC1008C9ABE /* btnBlack.png in Resources */ = {isa = PBXBuildFile; fileRef = 2BF5670E19C86DC1008C9ABE /* btnBlack.png */; };
/* End PBXBuildFile section */

/* Begin PBXContainerItemProxy section */
		2B1F77E219C0AF760077A65D /* PBXContainerItemProxy */ = {
			isa = PBXContainerItemProxy;
			containerPortal = 2B1F77C419C0AF760077A65D /* Project object */;
			proxyType = 1;
			remoteGlobalIDString = 2B1F77CB19C0AF760077A65D;
			remoteInfo = DBFM_Version_02;
		};
/* End PBXContainerItemProxy section */

/* Begin PBXFileReference section */
		2B1F77CC19C0AF760077A65D /* DBFM_Version_02.app */ = {isa = PBXFileReference; explicitFileType = wrapper.application; includeInIndex = 0; path = DBFM_Version_02.app; sourceTree = BUILT_PRODUCTS_DIR; };
		2B1F77D019C0AF760077A65D /* Info.plist */ = {isa = PBXFileReference; lastKnownFileType = text.plist.xml; path = Info.plist; sourceTree = "<group>"; };
		2B1F77D119C0AF760077A65D /* AppDelegate.swift */ = {isa = PBXFileReference; lastKnownFileType = sourcecode.swift; path = AppDelegate.swift; sourceTree = "<group>"; };
		2B1F77D419C0AF760077A65D /* DBFM_Version_02.xcdatamodel */ = {isa = PBXFileReference; lastKnownFileType = wrapper.xcdatamodel; path = DBFM_Version_02.xcdatamodel; sourceTree = "<group>"; };
		2B1F77D619C0AF760077A65D /* ViewController.swift */ = {isa = PBXFileReference; lastKnownFileType = sourcecode.swift; path = ViewController.swift; sourceTree = "<group>"; };
		2B1F77DB19C0AF760077A65D /* Images.xcassets */ = {isa = PBXFileReference; lastKnownFileType = folder.assetcatalog; path = Images.xcassets; sourceTree = "<group>"; };
		2B1F77E119C0AF760077A65D /* DBFM_Version_02Tests.xctest */ = {isa = PBXFileReference; explicitFileType = wrapper.cfbundle; includeInIndex = 0; path = DBFM_Version_02Tests.xctest; sourceTree = BUILT_PRODUCTS_DIR; };
		2B1F77E619C0AF760077A65D /* Info.plist */ = {isa = PBXFileReference; lastKnownFileType = text.plist.xml; path = Info.plist; sourceTree = "<group>"; };
		2B1F77E719C0AF760077A65D /* DBFM_Version_02Tests.swift */ = {isa = PBXFileReference; lastKnownFileType = sourcecode.swift; path = DBFM_Version_02Tests.swift; sourceTree = "<group>"; };
		2B1F77F119C0AFDF0077A65D /* MainViewController.xib */ = {isa = PBXFileReference; fileEncoding = 4; lastKnownFileType = file.xib; path = MainViewController.xib; sourceTree = "<group>"; };
		2B1F77F419C0B0A60077A65D /* btnChannel.png */ = {isa = PBXFileReference; lastKnownFileType = image.png; path = btnChannel.png; sourceTree = "<group>"; };
		2B1F77F519C0B0A60077A65D /* btnPlay.png */ = {isa = PBXFileReference; lastKnownFileType = image.png; path = btnPlay.png; sourceTree = "<group>"; };
		2B1F77F619C0B0A60077A65D /* detail.jpg */ = {isa = PBXFileReference; lastKnownFileType = image.jpeg; path = detail.jpg; sourceTree = "<group>"; };
		2B1F77F719C0B0A60077A65D /* hunberger.png */ = {isa = PBXFileReference; lastKnownFileType = image.png; path = hunberger.png; sourceTree = "<group>"; };
		2B1F77F819C0B0A60077A65D /* logo.jpg */ = {isa = PBXFileReference; lastKnownFileType = image.jpeg; path = logo.jpg; sourceTree = "<group>"; };
		2B1F77FF19C0B1560077A65D /* ChannelController.xib */ = {isa = PBXFileReference; fileEncoding = 4; lastKnownFileType = file.xib; path = ChannelController.xib; sourceTree = "<group>"; };
		2B1F780119C0B1B50077A65D /* LeftViewController.xib */ = {isa = PBXFileReference; fileEncoding = 4; lastKnownFileType = file.xib; path = LeftViewController.xib; sourceTree = "<group>"; };
		2B1F780319C0BAD10077A65D /* ChannelController.swift */ = {isa = PBXFileReference; fileEncoding = 4; lastKnownFileType = sourcecode.swift; path = ChannelController.swift; sourceTree = "<group>"; };
		2B1F780519C0BB240077A65D /* LeftViewController.swift */ = {isa = PBXFileReference; fileEncoding = 4; lastKnownFileType = sourcecode.swift; name = LeftViewController.swift; path = ../LeftViewController.swift; sourceTree = "<group>"; };
		2B1F780719C0BB5E0077A65D /* HttpController.swift */ = {isa = PBXFileReference; fileEncoding = 4; lastKnownFileType = sourcecode.swift; path = HttpController.swift; sourceTree = "<group>"; };
		2B1F780B19C0C61A0077A65D /* StartView.xib */ = {isa = PBXFileReference; fileEncoding = 4; lastKnownFileType = file.xib; path = StartView.xib; sourceTree = "<group>"; };
		2BF418B719C43A0600ED1AD6 /* TableViewCell.xib */ = {isa = PBXFileReference; fileEncoding = 4; lastKnownFileType = file.xib; path = TableViewCell.xib; sourceTree = "<group>"; };
		2BF418BB19C586D900ED1AD6 /* ViewCell.swift */ = {isa = PBXFileReference; fileEncoding = 4; lastKnownFileType = sourcecode.swift; path = ViewCell.swift; sourceTree = "<group>"; };
		2BF5670C19C5E2F6008C9ABE /* StartView.swift */ = {isa = PBXFileReference; fileEncoding = 4; lastKnownFileType = sourcecode.swift; path = StartView.swift; sourceTree = "<group>"; };
		2BF5670E19C86DC1008C9ABE /* btnBlack.png */ = {isa = PBXFileReference; lastKnownFileType = image.png; path = btnBlack.png; sourceTree = "<group>"; };
/* End PBXFileReference section */

/* Begin PBXFrameworksBuildPhase section */
		2B1F77C919C0AF760077A65D /* Frameworks */ = {
			isa = PBXFrameworksBuildPhase;
			buildActionMask = 2147483647;
			files = (
			);
			runOnlyForDeploymentPostprocessing = 0;
		};
		2B1F77DE19C0AF760077A65D /* Frameworks */ = {
			isa = PBXFrameworksBuildPhase;
			buildActionMask = 2147483647;
			files = (
			);
			runOnlyForDeploymentPostprocessing = 0;
		};
/* End PBXFrameworksBuildPhase section */

/* Begin PBXGroup section */
		2B1F77C319C0AF760077A65D = {
			isa = PBXGroup;
			children = (
				2B1F77CE19C0AF760077A65D /* DBFM_Version_02 */,
				2B1F77E419C0AF760077A65D /* DBFM_Version_02Tests */,
				2B1F77CD19C0AF760077A65D /* Products */,
			);
			sourceTree = "<group>";
		};
		2B1F77CD19C0AF760077A65D /* Products */ = {
			isa = PBXGroup;
			children = (
				2B1F77CC19C0AF760077A65D /* DBFM_Version_02.app */,
				2B1F77E119C0AF760077A65D /* DBFM_Version_02Tests.xctest */,
			);
			name = Products;
			sourceTree = "<group>";
		};
		2B1F77CE19C0AF760077A65D /* DBFM_Version_02 */ = {
			isa = PBXGroup;
			children = (
				2B1F77FE19C0B0AB0077A65D /* image */,
				2B1F77F319C0AFE80077A65D /* View */,
				2B1F77D119C0AF760077A65D /* AppDelegate.swift */,
				2B1F77D619C0AF760077A65D /* ViewController.swift */,
				2B1F780319C0BAD10077A65D /* ChannelController.swift */,
				2B1F780719C0BB5E0077A65D /* HttpController.swift */,
				2B1F780519C0BB240077A65D /* LeftViewController.swift */,
				2BF418BB19C586D900ED1AD6 /* ViewCell.swift */,
				2BF5670C19C5E2F6008C9ABE /* StartView.swift */,
				2B1F77DB19C0AF760077A65D /* Images.xcassets */,
				2B1F77D319C0AF760077A65D /* DBFM_Version_02.xcdatamodeld */,
				2B1F77CF19C0AF760077A65D /* Supporting Files */,
			);
			path = DBFM_Version_02;
			sourceTree = "<group>";
		};
		2B1F77CF19C0AF760077A65D /* Supporting Files */ = {
			isa = PBXGroup;
			children = (
				2B1F77D019C0AF760077A65D /* Info.plist */,
			);
			name = "Supporting Files";
			sourceTree = "<group>";
		};
		2B1F77E419C0AF760077A65D /* DBFM_Version_02Tests */ = {
			isa = PBXGroup;
			children = (
				2B1F77E719C0AF760077A65D /* DBFM_Version_02Tests.swift */,
				2B1F77E519C0AF760077A65D /* Supporting Files */,
			);
			path = DBFM_Version_02Tests;
			sourceTree = "<group>";
		};
		2B1F77E519C0AF760077A65D /* Supporting Files */ = {
			isa = PBXGroup;
			children = (
				2B1F77E619C0AF760077A65D /* Info.plist */,
			);
			name = "Supporting Files";
			sourceTree = "<group>";
		};
		2B1F77F319C0AFE80077A65D /* View */ = {
			isa = PBXGroup;
			children = (
				2B1F77F119C0AFDF0077A65D /* MainViewController.xib */,
				2B1F77FF19C0B1560077A65D /* ChannelController.xib */,
				2B1F780119C0B1B50077A65D /* LeftViewController.xib */,
				2B1F780B19C0C61A0077A65D /* StartView.xib */,
				2BF418B719C43A0600ED1AD6 /* TableViewCell.xib */,
			);
			name = View;
			sourceTree = "<group>";
		};
		2B1F77FE19C0B0AB0077A65D /* image */ = {
			isa = PBXGroup;
			children = (
				2B1F77F419C0B0A60077A65D /* btnChannel.png */,
				2BF5670E19C86DC1008C9ABE /* btnBlack.png */,
				2B1F77F519C0B0A60077A65D /* btnPlay.png */,
				2B1F77F619C0B0A60077A65D /* detail.jpg */,
				2B1F77F719C0B0A60077A65D /* hunberger.png */,
				2B1F77F819C0B0A60077A65D /* logo.jpg */,
			);
			name = image;
			sourceTree = "<group>";
		};
/* End PBXGroup section */

/* Begin PBXNativeTarget section */
		2B1F77CB19C0AF760077A65D /* DBFM_Version_02 */ = {
			isa = PBXNativeTarget;
			buildConfigurationList = 2B1F77EB19C0AF760077A65D /* Build configuration list for PBXNativeTarget "DBFM_Version_02" */;
			buildPhases = (
				2B1F77C819C0AF760077A65D /* Sources */,
				2B1F77C919C0AF760077A65D /* Frameworks */,
				2B1F77CA19C0AF760077A65D /* Resources */,
			);
			buildRules = (
			);
			dependencies = (
			);
			name = DBFM_Version_02;
			productName = DBFM_Version_02;
			productReference = 2B1F77CC19C0AF760077A65D /* DBFM_Version_02.app */;
			productType = "com.apple.product-type.application";
		};
		2B1F77E019C0AF760077A65D /* DBFM_Version_02Tests */ = {
			isa = PBXNativeTarget;
			buildConfigurationList = 2B1F77EE19C0AF760077A65D /* Build configuration list for PBXNativeTarget "DBFM_Version_02Tests" */;
			buildPhases = (
				2B1F77DD19C0AF760077A65D /* Sources */,
				2B1F77DE19C0AF760077A65D /* Frameworks */,
				2B1F77DF19C0AF760077A65D /* Resources */,
			);
			buildRules = (
			);
			dependencies = (
				2B1F77E319C0AF760077A65D /* PBXTargetDependency */,
			);
			name = DBFM_Version_02Tests;
			productName = DBFM_Version_02Tests;
			productReference = 2B1F77E119C0AF760077A65D /* DBFM_Version_02Tests.xctest */;
			productType = "com.apple.product-type.bundle.unit-test";
		};
/* End PBXNativeTarget section */

/* Begin PBXProject section */
		2B1F77C419C0AF760077A65D /* Project object */ = {
			isa = PBXProject;
			attributes = {
				LastUpgradeCheck = 0600;
				ORGANIZATIONNAME = Edward;
				TargetAttributes = {
					2B1F77CB19C0AF760077A65D = {
						CreatedOnToolsVersion = 6.0;
					};
					2B1F77E019C0AF760077A65D = {
						CreatedOnToolsVersion = 6.0;
						TestTargetID = 2B1F77CB19C0AF760077A65D;
					};
				};
			};
			buildConfigurationList = 2B1F77C719C0AF760077A65D /* Build configuration list for PBXProject "DBFM_Version_02" */;
			compatibilityVersion = "Xcode 3.2";
			developmentRegion = English;
			hasScannedForEncodings = 0;
			knownRegions = (
				en,
				Base,
			);
			mainGroup = 2B1F77C319C0AF760077A65D;
			productRefGroup = 2B1F77CD19C0AF760077A65D /* Products */;
			projectDirPath = "";
			projectRoot = "";
			targets = (
				2B1F77CB19C0AF760077A65D /* DBFM_Version_02 */,
				2B1F77E019C0AF760077A65D /* DBFM_Version_02Tests */,
			);
		};
/* End PBXProject section */

/* Begin PBXResourcesBuildPhase section */
		2B1F77CA19C0AF760077A65D /* Resources */ = {
			isa = PBXResourcesBuildPhase;
			buildActionMask = 2147483647;
			files = (
				2BF418B819C43A0600ED1AD6 /* TableViewCell.xib in Resources */,
				2B1F780C19C0C61A0077A65D /* StartView.xib in Resources */,
				2B1F77FD19C0B0A60077A65D /* logo.jpg in Resources */,
				2B1F77FA19C0B0A60077A65D /* btnPlay.png in Resources */,
				2B1F77F219C0AFDF0077A65D /* MainViewController.xib in Resources */,
				2B1F77F919C0B0A60077A65D /* btnChannel.png in Resources */,
				2B1F780019C0B1560077A65D /* ChannelController.xib in Resources */,
				2B1F77FC19C0B0A60077A65D /* hunberger.png in Resources */,
				2BF5670F19C86DC1008C9ABE /* btnBlack.png in Resources */,
				2B1F780219C0B1B50077A65D /* LeftViewController.xib in Resources */,
				2B1F77FB19C0B0A60077A65D /* detail.jpg in Resources */,
				2B1F77DC19C0AF760077A65D /* Images.xcassets in Resources */,
			);
			runOnlyForDeploymentPostprocessing = 0;
		};
		2B1F77DF19C0AF760077A65D /* Resources */ = {
			isa = PBXResourcesBuildPhase;
			buildActionMask = 2147483647;
			files = (
			);
			runOnlyForDeploymentPostprocessing = 0;
		};
/* End PBXResourcesBuildPhase section */

/* Begin PBXSourcesBuildPhase section */
		2B1F77C819C0AF760077A65D /* Sources */ = {
			isa = PBXSourcesBuildPhase;
			buildActionMask = 2147483647;
			files = (
				2B1F77D719C0AF760077A65D /* ViewController.swift in Sources */,
				2B1F77D219C0AF760077A65D /* AppDelegate.swift in Sources */,
				2B1F77D519C0AF760077A65D /* DBFM_Version_02.xcdatamodeld in Sources */,
				2BF5670D19C5E2F6008C9ABE /* StartView.swift in Sources */,
				2B1F780619C0BB240077A65D /* LeftViewController.swift in Sources */,
				2BF418BC19C586D900ED1AD6 /* ViewCell.swift in Sources */,
				2B1F780419C0BAD10077A65D /* ChannelController.swift in Sources */,
				2B1F780819C0BB5E0077A65D /* HttpController.swift in Sources */,
			);
			runOnlyForDeploymentPostprocessing = 0;
		};
		2B1F77DD19C0AF760077A65D /* Sources */ = {
			isa = PBXSourcesBuildPhase;
			buildActionMask = 2147483647;
			files = (
				2B1F77E819C0AF760077A65D /* DBFM_Version_02Tests.swift in Sources */,
			);
			runOnlyForDeploymentPostprocessing = 0;
		};
/* End PBXSourcesBuildPhase section */

/* Begin PBXTargetDependency section */
		2B1F77E319C0AF760077A65D /* PBXTargetDependency */ = {
			isa = PBXTargetDependency;
			target = 2B1F77CB19C0AF760077A65D /* DBFM_Version_02 */;
			targetProxy = 2B1F77E219C0AF760077A65D /* PBXContainerItemProxy */;
		};
/* End PBXTargetDependency section */

/* Begin XCBuildConfiguration section */
		2B1F77E919C0AF760077A65D /* Debug */ = {
			isa = XCBuildConfiguration;
			buildSettings = {
				ALWAYS_SEARCH_USER_PATHS = NO;
				CLANG_CXX_LANGUAGE_STANDARD = "gnu++0x";
				CLANG_CXX_LIBRARY = "libc++";
				CLANG_ENABLE_MODULES = YES;
				CLANG_ENABLE_OBJC_ARC = YES;
				CLANG_WARN_BOOL_CONVERSION = YES;
				CLANG_WARN_CONSTANT_CONVERSION = YES;
				CLANG_WARN_DIRECT_OBJC_ISA_USAGE = YES_ERROR;
				CLANG_WARN_EMPTY_BODY = YES;
				CLANG_WARN_ENUM_CONVERSION = YES;
				CLANG_WARN_INT_CONVERSION = YES;
				CLANG_WARN_OBJC_ROOT_CLASS = YES_ERROR;
				CLANG_WARN_UNREACHABLE_CODE = YES;
				CLANG_WARN__DUPLICATE_METHOD_MATCH = YES;
				"CODE_SIGN_IDENTITY[sdk=iphoneos*]" = "iPhone Developer";
				COPY_PHASE_STRIP = NO;
				ENABLE_STRICT_OBJC_MSGSEND = YES;
				GCC_C_LANGUAGE_STANDARD = gnu99;
				GCC_DYNAMIC_NO_PIC = NO;
				GCC_OPTIMIZATION_LEVEL = 0;
				GCC_PREPROCESSOR_DEFINITIONS = (
					"DEBUG=1",
					"$(inherited)",
				);
				GCC_SYMBOLS_PRIVATE_EXTERN = NO;
				GCC_WARN_64_TO_32_BIT_CONVERSION = YES;
				GCC_WARN_ABOUT_RETURN_TYPE = YES_ERROR;
				GCC_WARN_UNDECLARED_SELECTOR = YES;
				GCC_WARN_UNINITIALIZED_AUTOS = YES_AGGRESSIVE;
				GCC_WARN_UNUSED_FUNCTION = YES;
				GCC_WARN_UNUSED_VARIABLE = YES;
				IPHONEOS_DEPLOYMENT_TARGET = 8.0;
				METAL_ENABLE_DEBUG_INFO = YES;
				ONLY_ACTIVE_ARCH = YES;
				SDKROOT = iphoneos;
				SWIFT_OPTIMIZATION_LEVEL = "-Onone";
			};
			name = Debug;
		};
		2B1F77EA19C0AF760077A65D /* Release */ = {
			isa = XCBuildConfiguration;
			buildSettings = {
				ALWAYS_SEARCH_USER_PATHS = NO;
				CLANG_CXX_LANGUAGE_STANDARD = "gnu++0x";
				CLANG_CXX_LIBRARY = "libc++";
				CLANG_ENABLE_MODULES = YES;
				CLANG_ENABLE_OBJC_ARC = YES;
				CLANG_WARN_BOOL_CONVERSION = YES;
				CLANG_WARN_CONSTANT_CONVERSION = YES;
				CLANG_WARN_DIRECT_OBJC_ISA_USAGE = YES_ERROR;
				CLANG_WARN_EMPTY_BODY = YES;
				CLANG_WARN_ENUM_CONVERSION = YES;
				CLANG_WARN_INT_CONVERSION = YES;
				CLANG_WARN_OBJC_ROOT_CLASS = YES_ERROR;
				CLANG_WARN_UNREACHABLE_CODE = YES;
				CLANG_WARN__DUPLICATE_METHOD_MATCH = YES;
				"CODE_SIGN_IDENTITY[sdk=iphoneos*]" = "iPhone Developer";
				COPY_PHASE_STRIP = YES;
				ENABLE_NS_ASSERTIONS = NO;
				ENABLE_STRICT_OBJC_MSGSEND = YES;
				GCC_C_LANGUAGE_STANDARD = gnu99;
				GCC_WARN_64_TO_32_BIT_CONVERSION = YES;
				GCC_WARN_ABOUT_RETURN_TYPE = YES_ERROR;
				GCC_WARN_UNDECLARED_SELECTOR = YES;
				GCC_WARN_UNINITIALIZED_AUTOS = YES_AGGRESSIVE;
				GCC_WARN_UNUSED_FUNCTION = YES;
				GCC_WARN_UNUSED_VARIABLE = YES;
				IPHONEOS_DEPLOYMENT_TARGET = 8.0;
				METAL_ENABLE_DEBUG_INFO = NO;
				SDKROOT = iphoneos;
				VALIDATE_PRODUCT = YES;
			};
			name = Release;
		};
		2B1F77EC19C0AF760077A65D /* Debug */ = {
			isa = XCBuildConfiguration;
			buildSettings = {
				ASSETCATALOG_COMPILER_APPICON_NAME = AppIcon;
				ASSETCATALOG_COMPILER_LAUNCHIMAGE_NAME = LaunchImage;
				INFOPLIST_FILE = DBFM_Version_02/Info.plist;
				LD_RUNPATH_SEARCH_PATHS = "$(inherited) @executable_path/Frameworks";
				PRODUCT_NAME = "$(TARGET_NAME)";
			};
			name = Debug;
		};
		2B1F77ED19C0AF760077A65D /* Release */ = {
			isa = XCBuildConfiguration;
			buildSettings = {
				ASSETCATALOG_COMPILER_APPICON_NAME = AppIcon;
				ASSETCATALOG_COMPILER_LAUNCHIMAGE_NAME = LaunchImage;
				INFOPLIST_FILE = DBFM_Version_02/Info.plist;
				LD_RUNPATH_SEARCH_PATHS = "$(inherited) @executable_path/Frameworks";
				PRODUCT_NAME = "$(TARGET_NAME)";
			};
			name = Release;
		};
		2B1F77EF19C0AF760077A65D /* Debug */ = {
			isa = XCBuildConfiguration;
			buildSettings = {
				BUNDLE_LOADER = "$(BUILT_PRODUCTS_DIR)/DBFM_Version_02.app/DBFM_Version_02";
				FRAMEWORK_SEARCH_PATHS = (
					"$(SDKROOT)/Developer/Library/Frameworks",
					"$(inherited)",
				);
				GCC_PREPROCESSOR_DEFINITIONS = (
					"DEBUG=1",
					"$(inherited)",
				);
				INFOPLIST_FILE = DBFM_Version_02Tests/Info.plist;
				LD_RUNPATH_SEARCH_PATHS = "$(inherited) @executable_path/Frameworks @loader_path/Frameworks";
				METAL_ENABLE_DEBUG_INFO = YES;
				PRODUCT_NAME = "$(TARGET_NAME)";
				TEST_HOST = "$(BUNDLE_LOADER)";
			};
			name = Debug;
		};
		2B1F77F019C0AF760077A65D /* Release */ = {
			isa = XCBuildConfiguration;
			buildSettings = {
				BUNDLE_LOADER = "$(BUILT_PRODUCTS_DIR)/DBFM_Version_02.app/DBFM_Version_02";
				FRAMEWORK_SEARCH_PATHS = (
					"$(SDKROOT)/Developer/Library/Frameworks",
					"$(inherited)",
				);
				INFOPLIST_FILE = DBFM_Version_02Tests/Info.plist;
				LD_RUNPATH_SEARCH_PATHS = "$(inherited) @executable_path/Frameworks @loader_path/Frameworks";
				METAL_ENABLE_DEBUG_INFO = NO;
				PRODUCT_NAME = "$(TARGET_NAME)";
				TEST_HOST = "$(BUNDLE_LOADER)";
			};
			name = Release;
		};
/* End XCBuildConfiguration section */

/* Begin XCConfigurationList section */
		2B1F77C719C0AF760077A65D /* Build configuration list for PBXProject "DBFM_Version_02" */ = {
			isa = XCConfigurationList;
			buildConfigurations = (
				2B1F77E919C0AF760077A65D /* Debug */,
				2B1F77EA19C0AF760077A65D /* Release */,
			);
			defaultConfigurationIsVisible = 0;
			defaultConfigurationName = Release;
		};
		2B1F77EB19C0AF760077A65D /* Build configuration list for PBXNativeTarget "DBFM_Version_02" */ = {
			isa = XCConfigurationList;
			buildConfigurations = (
				2B1F77EC19C0AF760077A65D /* Debug */,
				2B1F77ED19C0AF760077A65D /* Release */,
			);
			defaultConfigurationIsVisible = 0;
			defaultConfigurationName = Release;
		};
		2B1F77EE19C0AF760077A65D /* Build configuration list for PBXNativeTarget "DBFM_Version_02Tests" */ = {
			isa = XCConfigurationList;
			buildConfigurations = (
				2B1F77EF19C0AF760077A65D /* Debug */,
				2B1F77F019C0AF760077A65D /* Release */,
			);
			defaultConfigurationIsVisible = 0;
			defaultConfigurationName = Release;
		};
/* End XCConfigurationList section */

/* Begin XCVersionGroup section */
		2B1F77D319C0AF760077A65D /* DBFM_Version_02.xcdatamodeld */ = {
			isa = XCVersionGroup;
			children = (
				2B1F77D419C0AF760077A65D /* DBFM_Version_02.xcdatamodel */,
			);
			currentVersion = 2B1F77D419C0AF760077A65D /* DBFM_Version_02.xcdatamodel */;
			path = DBFM_Version_02.xcdatamodeld;
			sourceTree = "<group>";
			versionGroupType = wrapper.xcdatamodel;
		};
/* End XCVersionGroup section */
	};
	rootObject = 2B1F77C419C0AF760077A65D /* Project object */;
}
